
Microsoft Visual Studio Solution File, Format Version 12.00
# Visual Studio Version 17
VisualStudioVersion = 17.1.32210.238
MinimumVisualStudioVersion = 10.0.40219.1
Project("{9A19103F-16F7-4668-BE54-9A1E7A4F7556}") = "CompanyEmployess", "CompanyEmployess\CompanyEmployess.csproj", "{518D197A-BD54-4A53-8723-9DBEA5D497B2}"
EndProject
Project("{9A19103F-16F7-4668-BE54-9A1E7A4F7556}") = "Contracts", "Contracts\Contracts.csproj", "{0E26D7C6-939E-4BFE-8BC1-32A88B747B97}"
EndProject
Project("{9A19103F-16F7-4668-BE54-9A1E7A4F7556}") = "LoggerService", "LoggerService\LoggerService.csproj", "{1331C036-14BE-4620-A8C5-FF5390950C76}"
EndProject
Project("{9A19103F-16F7-4668-BE54-9A1E7A4F7556}") = "Entities", "Entities\Entities.csproj", "{4C88AB56-381C-4CE2-BCE1-330355B57DC6}"
EndProject
Project("{FAE04EC0-301F-11D3-BF4B-00C04F79EFBC}") = "Repository", "Repository\Repository.csproj", "{2A0659CC-D35E-48BA-B242-821E302FC580}"
EndProject
Global
	GlobalSection(SolutionConfigurationPlatforms) = preSolution
		Debug|Any CPU = Debug|Any CPU
		Release|Any CPU = Release|Any CPU
	EndGlobalSection
	GlobalSection(ProjectConfigurationPlatforms) = postSolution
		{518D197A-BD54-4A53-8723-9DBEA5D497B2}.Debug|Any CPU.ActiveCfg = Debug|Any CPU
		{518D197A-BD54-4A53-8723-9DBEA5D497B2}.Debug|Any CPU.Build.0 = Debug|Any CPU
		{518D197A-BD54-4A53-8723-9DBEA5D497B2}.Release|Any CPU.ActiveCfg = Release|Any CPU
		{518D197A-BD54-4A53-8723-9DBEA5D497B2}.Release|Any CPU.Build.0 = Release|Any CPU
		{0E26D7C6-939E-4BFE-8BC1-32A88B747B97}.Debug|Any CPU.ActiveCfg = Debug|Any CPU
		{0E26D7C6-939E-4BFE-8BC1-32A88B747B97}.Debug|Any CPU.Build.0 = Debug|Any CPU
		{0E26D7C6-939E-4BFE-8BC1-32A88B747B97}.Release|Any CPU.ActiveCfg = Release|Any CPU
		{0E26D7C6-939E-4BFE-8BC1-32A88B747B97}.Release|Any CPU.Build.0 = Release|Any CPU
		{1331C036-14BE-4620-A8C5-FF5390950C76}.Debug|Any CPU.ActiveCfg = Debug|Any CPU
		{1331C036-14BE-4620-A8C5-FF5390950C76}.Debug|Any CPU.Build.0 = Debug|Any CPU
		{1331C036-14BE-4620-A8C5-FF5390950C76}.Release|Any CPU.ActiveCfg = Release|Any CPU
		{1331C036-14BE-4620-A8C5-FF5390950C76}.Release|Any CPU.Build.0 = Release|Any CPU
		{4C88AB56-381C-4CE2-BCE1-330355B57DC6}.Debug|Any CPU.ActiveCfg = Debug|Any CPU
		{4C88AB56-381C-4CE2-BCE1-330355B57DC6}.Debug|Any CPU.Build.0 = Debug|Any CPU
		{4C88AB56-381C-4CE2-BCE1-330355B57DC6}.Release|Any CPU.ActiveCfg = Release|Any CPU
		{4C88AB56-381C-4CE2-BCE1-330355B57DC6}.Release|Any CPU.Build.0 = Release|Any CPU
		{2A0659CC-D35E-48BA-B242-821E302FC580}.Debug|Any CPU.ActiveCfg = Debug|Any CPU
		{2A0659CC-D35E-48BA-B242-821E302FC580}.Debug|Any CPU.Build.0 = Debug|Any CPU
		{2A0659CC-D35E-48BA-B242-821E302FC580}.Release|Any CPU.ActiveCfg = Release|Any CPU
		{2A0659CC-D35E-48BA-B242-821E302FC580}.Release|Any CPU.Build.0 = Release|Any CPU
	EndGlobalSection
	GlobalSection(SolutionProperties) = preSolution
		HideSolutionNode = FALSE
	EndGlobalSection
	GlobalSection(ExtensibilityGlobals) = postSolution
		SolutionGuid = {D7BEA3C9-2B12-48BE-AF71-4161BE9B5F7A}
	EndGlobalSection
EndGlobal
